
Microsoft Visual Studio Solution File, Format Version 12.00
# Visual Studio Version 17
VisualStudioVersion = 17.0.31903.59
MinimumVisualStudioVersion = 10.0.40219.1
Project("{2150E333-8FDC-42A3-9474-1A3956D46DE8}") = "src", "src", "{827E0CD3-B72D-47B6-A68D-7590B98EB39B}"
EndProject
Project("{FAE04EC0-301F-11D3-BF4B-00C04F79EFBC}") = "LojaPesca.Domain", "src\LojaPesca.Domain\LojaPesca.Domain.csproj", "{2E36C874-71E7-4700-9E23-2D7B5AA76589}"
EndProject
Project("{FAE04EC0-301F-11D3-BF4B-00C04F79EFBC}") = "LojaPesca.Application", "src\LojaPesca.Application\LojaPesca.Application.csproj", "{561572EE-D8B2-4ACF-95C9-C3222F5A15AB}"
EndProject
Project("{FAE04EC0-301F-11D3-BF4B-00C04F79EFBC}") = "LojaPesca.Infrastructure", "src\LojaPesca.Infrastructure\LojaPesca.Infrastructure.csproj", "{BFB7AAFE-8308-445F-941D-D992F6606806}"
EndProject
Project("{FAE04EC0-301F-11D3-BF4B-00C04F79EFBC}") = "LojaPesca.API", "src\LojaPesca.API\LojaPesca.API.csproj", "{E25C67EF-9E35-4075-8FA3-9FCD1ED3BF10}"
EndProject
Global
	GlobalSection(SolutionConfigurationPlatforms) = preSolution
		Debug|Any CPU = Debug|Any CPU
		Debug|x64 = Debug|x64
		Debug|x86 = Debug|x86
		Release|Any CPU = Release|Any CPU
		Release|x64 = Release|x64
		Release|x86 = Release|x86
	EndGlobalSection
	GlobalSection(ProjectConfigurationPlatforms) = postSolution
		{2E36C874-71E7-4700-9E23-2D7B5AA76589}.Debug|Any CPU.ActiveCfg = Debug|Any CPU
		{2E36C874-71E7-4700-9E23-2D7B5AA76589}.Debug|Any CPU.Build.0 = Debug|Any CPU
		{2E36C874-71E7-4700-9E23-2D7B5AA76589}.Debug|x64.ActiveCfg = Debug|Any CPU
		{2E36C874-71E7-4700-9E23-2D7B5AA76589}.Debug|x64.Build.0 = Debug|Any CPU
		{2E36C874-71E7-4700-9E23-2D7B5AA76589}.Debug|x86.ActiveCfg = Debug|Any CPU
		{2E36C874-71E7-4700-9E23-2D7B5AA76589}.Debug|x86.Build.0 = Debug|Any CPU
		{2E36C874-71E7-4700-9E23-2D7B5AA76589}.Release|Any CPU.ActiveCfg = Release|Any CPU
		{2E36C874-71E7-4700-9E23-2D7B5AA76589}.Release|Any CPU.Build.0 = Release|Any CPU
		{2E36C874-71E7-4700-9E23-2D7B5AA76589}.Release|x64.ActiveCfg = Release|Any CPU
		{2E36C874-71E7-4700-9E23-2D7B5AA76589}.Release|x64.Build.0 = Release|Any CPU
		{2E36C874-71E7-4700-9E23-2D7B5AA76589}.Release|x86.ActiveCfg = Release|Any CPU
		{2E36C874-71E7-4700-9E23-2D7B5AA76589}.Release|x86.Build.0 = Release|Any CPU
		{561572EE-D8B2-4ACF-95C9-C3222F5A15AB}.Debug|Any CPU.ActiveCfg = Debug|Any CPU
		{561572EE-D8B2-4ACF-95C9-C3222F5A15AB}.Debug|Any CPU.Build.0 = Debug|Any CPU
		{561572EE-D8B2-4ACF-95C9-C3222F5A15AB}.Debug|x64.ActiveCfg = Debug|Any CPU
		{561572EE-D8B2-4ACF-95C9-C3222F5A15AB}.Debug|x64.Build.0 = Debug|Any CPU
		{561572EE-D8B2-4ACF-95C9-C3222F5A15AB}.Debug|x86.ActiveCfg = Debug|Any CPU
		{561572EE-D8B2-4ACF-95C9-C3222F5A15AB}.Debug|x86.Build.0 = Debug|Any CPU
		{561572EE-D8B2-4ACF-95C9-C3222F5A15AB}.Release|Any CPU.ActiveCfg = Release|Any CPU
		{561572EE-D8B2-4ACF-95C9-C3222F5A15AB}.Release|Any CPU.Build.0 = Release|Any CPU
		{561572EE-D8B2-4ACF-95C9-C3222F5A15AB}.Release|x64.ActiveCfg = Release|Any CPU
		{561572EE-D8B2-4ACF-95C9-C3222F5A15AB}.Release|x64.Build.0 = Release|Any CPU
		{561572EE-D8B2-4ACF-95C9-C3222F5A15AB}.Release|x86.ActiveCfg = Release|Any CPU
		{561572EE-D8B2-4ACF-95C9-C3222F5A15AB}.Release|x86.Build.0 = Release|Any CPU
		{BFB7AAFE-8308-445F-941D-D992F6606806}.Debug|Any CPU.ActiveCfg = Debug|Any CPU
		{BFB7AAFE-8308-445F-941D-D992F6606806}.Debug|Any CPU.Build.0 = Debug|Any CPU
		{BFB7AAFE-8308-445F-941D-D992F6606806}.Debug|x64.ActiveCfg = Debug|Any CPU
		{BFB7AAFE-8308-445F-941D-D992F6606806}.Debug|x64.Build.0 = Debug|Any CPU
		{BFB7AAFE-8308-445F-941D-D992F6606806}.Debug|x86.ActiveCfg = Debug|Any CPU
		{BFB7AAFE-8308-445F-941D-D992F6606806}.Debug|x86.Build.0 = Debug|Any CPU
		{BFB7AAFE-8308-445F-941D-D992F6606806}.Release|Any CPU.ActiveCfg = Release|Any CPU
		{BFB7AAFE-8308-445F-941D-D992F6606806}.Release|Any CPU.Build.0 = Release|Any CPU
		{BFB7AAFE-8308-445F-941D-D992F6606806}.Release|x64.ActiveCfg = Release|Any CPU
		{BFB7AAFE-8308-445F-941D-D992F6606806}.Release|x64.Build.0 = Release|Any CPU
		{BFB7AAFE-8308-445F-941D-D992F6606806}.Release|x86.ActiveCfg = Release|Any CPU
		{BFB7AAFE-8308-445F-941D-D992F6606806}.Release|x86.Build.0 = Release|Any CPU
		{E25C67EF-9E35-4075-8FA3-9FCD1ED3BF10}.Debug|Any CPU.ActiveCfg = Debug|Any CPU
		{E25C67EF-9E35-4075-8FA3-9FCD1ED3BF10}.Debug|Any CPU.Build.0 = Debug|Any CPU
		{E25C67EF-9E35-4075-8FA3-9FCD1ED3BF10}.Debug|x64.ActiveCfg = Debug|Any CPU
		{E25C67EF-9E35-4075-8FA3-9FCD1ED3BF10}.Debug|x64.Build.0 = Debug|Any CPU
		{E25C67EF-9E35-4075-8FA3-9FCD1ED3BF10}.Debug|x86.ActiveCfg = Debug|Any CPU
		{E25C67EF-9E35-4075-8FA3-9FCD1ED3BF10}.Debug|x86.Build.0 = Debug|Any CPU
		{E25C67EF-9E35-4075-8FA3-9FCD1ED3BF10}.Release|Any CPU.ActiveCfg = Release|Any CPU
		{E25C67EF-9E35-4075-8FA3-9FCD1ED3BF10}.Release|Any CPU.Build.0 = Release|Any CPU
		{E25C67EF-9E35-4075-8FA3-9FCD1ED3BF10}.Release|x64.ActiveCfg = Release|Any CPU
		{E25C67EF-9E35-4075-8FA3-9FCD1ED3BF10}.Release|x64.Build.0 = Release|Any CPU
		{E25C67EF-9E35-4075-8FA3-9FCD1ED3BF10}.Release|x86.ActiveCfg = Release|Any CPU
		{E25C67EF-9E35-4075-8FA3-9FCD1ED3BF10}.Release|x86.Build.0 = Release|Any CPU
	EndGlobalSection
	GlobalSection(SolutionProperties) = preSolution
		HideSolutionNode = FALSE
	EndGlobalSection
	GlobalSection(NestedProjects) = preSolution
		{2E36C874-71E7-4700-9E23-2D7B5AA76589} = {827E0CD3-B72D-47B6-A68D-7590B98EB39B}
		{561572EE-D8B2-4ACF-95C9-C3222F5A15AB} = {827E0CD3-B72D-47B6-A68D-7590B98EB39B}
		{BFB7AAFE-8308-445F-941D-D992F6606806} = {827E0CD3-B72D-47B6-A68D-7590B98EB39B}
		{E25C67EF-9E35-4075-8FA3-9FCD1ED3BF10} = {827E0CD3-B72D-47B6-A68D-7590B98EB39B}
	EndGlobalSection
EndGlobal
